
Microsoft Visual Studio Solution File, Format Version 12.00
# Visual Studio Version 16
VisualStudioVersion = 16.0.31410.357
MinimumVisualStudioVersion = 10.0.40219.1
Project("{8BC9CEB8-8B4A-11D0-8D11-00A0C91BC942}") = "ElecDev_Graphics_Application", "ElecDev_Graphics_Application\ElecDev_Graphics_Application.vcxproj", "{26E8ACA6-08DD-4DAA-B218-0DDA29B22B32}"
EndProject
Global
	GlobalSection(SolutionConfigurationPlatforms) = preSolution
		Debug|x64 = Debug|x64
		Debug|x86 = Debug|x86
		Release|x64 = Release|x64
		Release|x86 = Release|x86
	EndGlobalSection
	GlobalSection(ProjectConfigurationPlatforms) = postSolution
		{26E8ACA6-08DD-4DAA-B218-0DDA29B22B32}.Debug|x64.ActiveCfg = Debug|x64
		{26E8ACA6-08DD-4DAA-B218-0DDA29B22B32}.Debug|x64.Build.0 = Debug|x64
		{26E8ACA6-08DD-4DAA-B218-0DDA29B22B32}.Debug|x86.ActiveCfg = Debug|Win32
		{26E8ACA6-08DD-4DAA-B218-0DDA29B22B32}.Debug|x86.Build.0 = Debug|Win32
		{26E8ACA6-08DD-4DAA-B218-0DDA29B22B32}.Release|x64.ActiveCfg = Release|x64
		{26E8ACA6-08DD-4DAA-B218-0DDA29B22B32}.Release|x64.Build.0 = Release|x64
		{26E8ACA6-08DD-4DAA-B218-0DDA29B22B32}.Release|x86.ActiveCfg = Release|Win32
		{26E8ACA6-08DD-4DAA-B218-0DDA29B22B32}.Release|x86.Build.0 = Release|Win32
	EndGlobalSection
	GlobalSection(SolutionProperties) = preSolution
		HideSolutionNode = FALSE
	EndGlobalSection
	GlobalSection(ExtensibilityGlobals) = postSolution
		SolutionGuid = {DC4D452E-B0BE-4D94-8065-DCA32BC54447}
	EndGlobalSection
EndGlobal
