<?xml version="1.0" encoding="utf-8"?>
<Project ToolsVersion="4.0" xmlns="http://schemas.microsoft.com/developer/msbuild/2003">
  <ItemGroup>
    <Filter Include="Source Files">
      <UniqueIdentifier>{4FC737F1-C7A5-4376-A066-2A32D752A2FF}</UniqueIdentifier>
      <Extensions>cpp;c;cc;cxx;c++;cppm;ixx;def;odl;idl;hpj;bat;asm;asmx</Extensions>
    </Filter>
  </ItemGroup>
  <ItemGroup>
    <ClCompile Include="Source\Engines\Engine2D\DesignEngine\designEngine.cpp">
      <Filter>Source Files</Filter>
    </ClCompile>
    <ClCompile Include="Source\mainApplication.cpp">
      <Filter>Source Files</Filter>
    </ClCompile>
    <ClCompile Include="Source\External\GLAD\src\glad.c">
      <Filter>Source Files</Filter>
    </ClCompile>
    <ClCompile Include="Source\External\ImGUI\imgui.cpp">
      <Filter>Source Files</Filter>
    </ClCompile>
    <ClCompile Include="Source\External\ImGUI\imgui_demo.cpp">
      <Filter>Source Files</Filter>
    </ClCompile>
    <ClCompile Include="Source\External\ImGUI\imgui_draw.cpp">
      <Filter>Source Files</Filter>
    </ClCompile>
    <ClCompile Include="Source\External\ImGUI\imgui_impl_glfw.cpp">
      <Filter>Source Files</Filter>
    </ClCompile>
    <ClCompile Include="Source\External\ImGUI\imgui_impl_opengl3.cpp">
      <Filter>Source Files</Filter>
    </ClCompile>
    <ClCompile Include="Source\External\ImGUI\imgui_tables.cpp">
      <Filter>Source Files</Filter>
    </ClCompile>
    <ClCompile Include="Source\External\ImGUI\imgui_widgets.cpp">
      <Filter>Source Files</Filter>
    </ClCompile>
  </ItemGroup>
  <ItemGroup>
    <ClInclude Include="Source\External\GLAD\include\glad\glad.h" />
    <ClInclude Include="Source\External\GLAD\include\KHR\khrplatform.h" />
    <ClInclude Include="Source\External\GLFW\include\GLFW\glfw3.h" />
    <ClInclude Include="Source\External\GLFW\include\GLFW\glfw3native.h" />
    <ClInclude Include="Source\External\ImGUI\imconfig.h" />
    <ClInclude Include="Source\External\ImGUI\imgui.h" />
    <ClInclude Include="Source\External\ImGUI\imgui_impl_glfw.h" />
    <ClInclude Include="Source\External\ImGUI\imgui_impl_opengl3.h" />
    <ClInclude Include="Source\External\ImGUI\imgui_internal.h" />
    <ClInclude Include="Source\External\ImGUI\imstb_rectpack.h" />
    <ClInclude Include="Source\External\ImGUI\imstb_textedit.h" />
    <ClInclude Include="Source\External\ImGUI\imstb_truetype.h" />
  </ItemGroup>
  <ItemGroup>
    <Library Include="Source\External\GLFW\lib-vc2019\glfw3dll.lib" />
    <Library Include="Source\External\GLFW\lib-vc2019\glfw3_mt.lib" />
    <Library Include="Source\External\GLFW\lib-vc2019\glfw3.lib" />
  </ItemGroup>
  <ItemGroup>
    <None Include="Source\External\GLFW\lib-vc2019\glfw3.dll" />
  </ItemGroup>
</Project>