<?xml version="1.0" encoding="utf-8"?>
<Project ToolsVersion="4.0" xmlns="http://schemas.microsoft.com/developer/msbuild/2003">
  <ItemGroup>
    <ClCompile Include="Source\Graphics\OpenGL\Engines\Base2DEngine\Base2D_API.cpp">
      <Filter>Source</Filter>
    </ClCompile>
    <ClCompile Include="Source\Graphics\OpenGL\Engines\Base2DEngine\Base2D_Engine.cpp">
      <Filter>Source</Filter>
    </ClCompile>
    <ClCompile Include="Source\Graphics\OpenGL\Engines\Design2DEngine\Design2D_Engine.cpp">
      <Filter>Source</Filter>
    </ClCompile>
    <ClCompile Include="Source\Graphics\OpenGL\ErrorHandler\ErrorHandler.cpp">
      <Filter>Source</Filter>
    </ClCompile>
    <ClCompile Include="Source\Graphics\OpenGL\Engines\Base2DEngine\Peripherals\FrameBufferObject.cpp">
      <Filter>Source</Filter>
    </ClCompile>
    <ClCompile Include="Source\External\GLAD\src\glad.c">
      <Filter>Source</Filter>
    </ClCompile>
    <ClCompile Include="Source\External\glm\detail\glm.cpp">
      <Filter>Source</Filter>
    </ClCompile>
    <ClCompile Include="Source\Graphics\GraphicsHandler.cpp">
      <Filter>Source</Filter>
    </ClCompile>
    <ClCompile Include="Source\GUI\guiHandler.cpp">
      <Filter>Source</Filter>
    </ClCompile>
    <ClCompile Include="Source\External\ImGUI\Core\imgui.cpp">
      <Filter>Source</Filter>
    </ClCompile>
    <ClCompile Include="Source\External\ImGUI\Core\imgui_demo.cpp">
      <Filter>Source</Filter>
    </ClCompile>
    <ClCompile Include="Source\External\ImGUI\Core\imgui_draw.cpp">
      <Filter>Source</Filter>
    </ClCompile>
    <ClCompile Include="Source\External\ImGUI\Implementations\imgui_impl_glfw.cpp">
      <Filter>Source</Filter>
    </ClCompile>
    <ClCompile Include="Source\External\ImGUI\Implementations\imgui_impl_opengl3.cpp">
      <Filter>Source</Filter>
    </ClCompile>
    <ClCompile Include="Source\External\ImGUI\Core\imgui_tables.cpp">
      <Filter>Source</Filter>
    </ClCompile>
    <ClCompile Include="Source\External\ImGUI\Core\imgui_widgets.cpp">
      <Filter>Source</Filter>
    </ClCompile>
    <ClCompile Include="Source\MainApplication.cpp">
      <Filter>Source</Filter>
    </ClCompile>
    <ClCompile Include="Source\Graphics\OpenGL\Engines\Base2DEngine\Base2D_MouseHandler.cpp">
      <Filter>Source</Filter>
    </ClCompile>
    <ClCompile Include="Source\Graphics\OpenGL\Engines\Design2DEngine\Peripherals\MousePoint.cpp">
      <Filter>Source</Filter>
    </ClCompile>
    <ClCompile Include="Source\GUI\Ribbons\ribbons.cpp">
      <Filter>Source</Filter>
    </ClCompile>
    <ClCompile Include="Source\Graphics\OpenGL\ShaderHandler\ShaderHandler.cpp">
      <Filter>Source</Filter>
    </ClCompile>
    <ClCompile Include="Source\Graphics\OpenGL\Engines\Base2DEngine\Peripherals\TextRenderer.cpp">
      <Filter>Source</Filter>
    </ClCompile>
    <ClCompile Include="Source\GUI\Toolbar\toolbar.cpp">
      <Filter>Source</Filter>
    </ClCompile>
    <ClCompile Include="Source\Graphics\OpenGL\Engines\Base2DEngine\Peripherals\VertexArrayObject.cpp">
      <Filter>Source</Filter>
    </ClCompile>
    <ClCompile Include="Source\GUI\Graphics\graphics.cpp" />
    <ClCompile Include="Source\Resources\ResourceHandler.cpp" />
    <ClCompile Include="Source\GUI\DemoWindow\demoWindow.cpp" />
    <ClCompile Include="Source\GUI\MCC\mcc.cpp" />
    <ClCompile Include="Source\GUI\UserGUI\userGUI.cpp" />
    <ClCompile Include="Source\Graphics\GraphicsAPI.cpp" />
    <ClCompile Include="Source\Graphics\OpenGL\Engines\Design2DEngine\Design2D_API.cpp" />
    <ClCompile Include="Source\Graphics\OpenGL\Engines\Design2DEngine\Design2D_MouseHandler.cpp" />
    <ClCompile Include="Source\Graphics\OpenGL\Engines\Base3DEngine\Base3D_Engine.cpp" />
    <ClCompile Include="Source\Graphics\OpenGL\Engines\Base3DEngine\Base3D_MouseHandler.cpp" />
    <ClCompile Include="Source\Graphics\OpenGL\Engines\Base3DEngine\Base3D_API.cpp" />
    <ClCompile Include="Source\Logging\logHandler.cpp" />
    <ClCompile Include="Source\Graphics\OpenGL\Engines\Base3DEngine\Peripherals\Camera.cpp" />
  </ItemGroup>
  <ItemGroup>
    <ClInclude Include="Source\External\glm\detail\_features.hpp">
      <Filter>Source</Filter>
    </ClInclude>
    <ClInclude Include="Source\External\glm\detail\_fixes.hpp">
      <Filter>Source</Filter>
    </ClInclude>
    <ClInclude Include="Source\External\glm\detail\_noise.hpp">
      <Filter>Source</Filter>
    </ClInclude>
    <ClInclude Include="Source\External\glm\detail\_swizzle.hpp">
      <Filter>Source</Filter>
    </ClInclude>
    <ClInclude Include="Source\External\glm\detail\_swizzle_func.hpp">
      <Filter>Source</Filter>
    </ClInclude>
    <ClInclude Include="Source\External\glm\detail\_vectorize.hpp">
      <Filter>Source</Filter>
    </ClInclude>
    <ClInclude Include="Source\External\Boost\Includes\bind\apply.hpp">
      <Filter>Source</Filter>
    </ClInclude>
    <ClInclude Include="Source\External\Boost\Includes\bind\arg.hpp">
      <Filter>Source</Filter>
    </ClInclude>
    <ClInclude Include="Source\External\glm\gtx\associated_min_max.hpp">
      <Filter>Source</Filter>
    </ClInclude>
    <ClInclude Include="Source\External\freetype\Includes\freetype\internal\autohint.h">
      <Filter>Source</Filter>
    </ClInclude>
    <ClInclude Include="Source\Graphics\OpenGL\Engines\Base2DEngine\Base2D_Engine.h">
      <Filter>Source</Filter>
    </ClInclude>
    <ClInclude Include="Source\External\Boost\Includes\bind.hpp">
      <Filter>Source</Filter>
    </ClInclude>
    <ClInclude Include="Source\External\Boost\Includes\bind\bind.hpp">
      <Filter>Source</Filter>
    </ClInclude>
    <ClInclude Include="Source\External\Boost\Includes\bind\bind_cc.hpp">
      <Filter>Source</Filter>
    </ClInclude>
    <ClInclude Include="Source\External\Boost\Includes\bind\bind_mf_cc.hpp">
      <Filter>Source</Filter>
    </ClInclude>
    <ClInclude Include="Source\External\Boost\Includes\bind\bind_mf2_cc.hpp">
      <Filter>Source</Filter>
    </ClInclude>
    <ClInclude Include="Source\External\Boost\Includes\bind\bind_template.hpp">
      <Filter>Source</Filter>
    </ClInclude>
    <ClInclude Include="Source\External\glm\gtx\bit.hpp">
      <Filter>Source</Filter>
    </ClInclude>
    <ClInclude Include="Source\External\glm\gtc\bitfield.hpp">
      <Filter>Source</Filter>
    </ClInclude>
    <ClInclude Include="Source\External\freetype\Includes\freetype\internal\cffotypes.h">
      <Filter>Source</Filter>
    </ClInclude>
    <ClInclude Include="Source\External\freetype\Includes\freetype\internal\cfftypes.h">
      <Filter>Source</Filter>
    </ClInclude>
    <ClInclude Include="Source\External\glm\gtx\closest_point.hpp">
      <Filter>Source</Filter>
    </ClInclude>
    <ClInclude Include="Source\External\glm\gtx\color_encoding.hpp">
      <Filter>Source</Filter>
    </ClInclude>
    <ClInclude Include="Source\External\glm\gtc\color_space.hpp">
      <Filter>Source</Filter>
    </ClInclude>
    <ClInclude Include="Source\External\glm\gtx\color_space.hpp">
      <Filter>Source</Filter>
    </ClInclude>
    <ClInclude Include="Source\External\glm\gtx\color_space_YCoCg.hpp">
      <Filter>Source</Filter>
    </ClInclude>
    <ClInclude Include="Source\External\glm\simd\common.h">
      <Filter>Source</Filter>
    </ClInclude>
    <ClInclude Include="Source\External\glm\common.hpp">
      <Filter>Source</Filter>
    </ClInclude>
    <ClInclude Include="Source\External\glm\gtx\common.hpp">
      <Filter>Source</Filter>
    </ClInclude>
    <ClInclude Include="Source\External\glm\gtx\compatibility.hpp">
      <Filter>Source</Filter>
    </ClInclude>
    <ClInclude Include="Source\External\freetype\Includes\freetype\internal\compiler-macros.h">
      <Filter>Source</Filter>
    </ClInclude>
    <ClInclude Include="Source\External\glm\gtx\component_wise.hpp">
      <Filter>Source</Filter>
    </ClInclude>
    <ClInclude Include="Source\External\glm\detail\compute_common.hpp">
      <Filter>Source</Filter>
    </ClInclude>
    <ClInclude Include="Source\External\glm\detail\compute_vector_relational.hpp">
      <Filter>Source</Filter>
    </ClInclude>
    <ClInclude Include="Source\External\glm\gtc\constants.hpp">
      <Filter>Source</Filter>
    </ClInclude>
    <ClInclude Include="Source\Graphics\OpenGL\Engines\Design2DEngine\Design2D_Engine.h">
      <Filter>Source</Filter>
    </ClInclude>
    <ClInclude Include="Source\External\freetype\Includes\dlg\dlg.h">
      <Filter>Source</Filter>
    </ClInclude>
    <ClInclude Include="Source\External\glm\gtx\dual_quaternion.hpp">
      <Filter>Source</Filter>
    </ClInclude>
    <ClInclude Include="Source\External\glm\gtx\easing.hpp">
      <Filter>Source</Filter>
    </ClInclude>
    <ClInclude Include="Source\External\GLEW\include\GL\eglew.h">
      <Filter>Source</Filter>
    </ClInclude>
    <ClInclude Include="Source\External\glm\gtc\epsilon.hpp">
      <Filter>Source</Filter>
    </ClInclude>
    <ClInclude Include="Source\Graphics\OpenGL\ErrorHandler\ErrorHandler.h">
      <Filter>Source</Filter>
    </ClInclude>
    <ClInclude Include="Source\External\glm\gtx\euler_angles.hpp">
      <Filter>Source</Filter>
    </ClInclude>
    <ClInclude Include="Source\External\glm\simd\exponential.h">
      <Filter>Source</Filter>
    </ClInclude>
    <ClInclude Include="Source\External\glm\exponential.hpp">
      <Filter>Source</Filter>
    </ClInclude>
    <ClInclude Include="Source\External\glm\ext.hpp">
      <Filter>Source</Filter>
    </ClInclude>
    <ClInclude Include="Source\External\glm\gtx\extend.hpp">
      <Filter>Source</Filter>
    </ClInclude>
    <ClInclude Include="Source\External\glm\gtx\extended_min_max.hpp">
      <Filter>Source</Filter>
    </ClInclude>
    <ClInclude Include="Source\External\glm\gtx\exterior_product.hpp">
      <Filter>Source</Filter>
    </ClInclude>
    <ClInclude Include="Source\External\glm\gtx\fast_exponential.hpp">
      <Filter>Source</Filter>
    </ClInclude>
    <ClInclude Include="Source\External\glm\gtx\fast_square_root.hpp">
      <Filter>Source</Filter>
    </ClInclude>
    <ClInclude Include="Source\External\glm\gtx\fast_trigonometry.hpp">
      <Filter>Source</Filter>
    </ClInclude>
    <ClInclude Include="Source\Graphics\OpenGL\Engines\Base2DEngine\Peripherals\FrameBufferObject.h">
      <Filter>Source</Filter>
    </ClInclude>
    <ClInclude Include="Source\External\freetype\Includes\freetype\internal\ftcalc.h">
      <Filter>Source</Filter>
    </ClInclude>
    <ClInclude Include="Source\External\freetype\Includes\freetype\internal\ftdebug.h">
      <Filter>Source</Filter>
    </ClInclude>
    <ClInclude Include="Source\External\freetype\Includes\freetype\internal\ftdrv.h">
      <Filter>Source</Filter>
    </ClInclude>
    <ClInclude Include="Source\External\freetype\Includes\freetype\internal\ftgloadr.h">
      <Filter>Source</Filter>
    </ClInclude>
    <ClInclude Include="Source\External\freetype\Includes\freetype\internal\fthash.h">
      <Filter>Source</Filter>
    </ClInclude>
    <ClInclude Include="Source\External\freetype\Includes\freetype\internal\ftmemory.h">
      <Filter>Source</Filter>
    </ClInclude>
    <ClInclude Include="Source\External\freetype\Includes\freetype\internal\ftobjs.h">
      <Filter>Source</Filter>
    </ClInclude>
    <ClInclude Include="Source\External\freetype\Includes\freetype\internal\ftpsprop.h">
      <Filter>Source</Filter>
    </ClInclude>
    <ClInclude Include="Source\External\freetype\Includes\freetype\internal\ftrfork.h">
      <Filter>Source</Filter>
    </ClInclude>
    <ClInclude Include="Source\External\freetype\Includes\freetype\internal\ftserv.h">
      <Filter>Source</Filter>
    </ClInclude>
    <ClInclude Include="Source\External\freetype\Includes\freetype\internal\ftstream.h">
      <Filter>Source</Filter>
    </ClInclude>
    <ClInclude Include="Source\External\freetype\Includes\freetype\internal\fttrace.h">
      <Filter>Source</Filter>
    </ClInclude>
    <ClInclude Include="Source\External\freetype\Includes\freetype\internal\ftvalid.h">
      <Filter>Source</Filter>
    </ClInclude>
    <ClInclude Include="Source\External\glm\gtx\functions.hpp">
      <Filter>Source</Filter>
    </ClInclude>
    <ClInclude Include="Source\External\glm\fwd.hpp">
      <Filter>Source</Filter>
    </ClInclude>
    <ClInclude Include="Source\External\glm\simd\geometric.h">
      <Filter>Source</Filter>
    </ClInclude>
    <ClInclude Include="Source\External\glm\geometric.hpp">
      <Filter>Source</Filter>
    </ClInclude>
    <ClInclude Include="Source\External\GLAD\Includes\glad\glad.h">
      <Filter>Source</Filter>
    </ClInclude>
    <ClInclude Include="Source\External\GLEW\include\GL\glew.h">
      <Filter>Source</Filter>
    </ClInclude>
    <ClInclude Include="Source\External\GLFW\Includes\GLFW\glfw3.h">
      <Filter>Source</Filter>
    </ClInclude>
    <ClInclude Include="Source\External\GLFW\Includes\GLFW\glfw3native.h">
      <Filter>Source</Filter>
    </ClInclude>
    <ClInclude Include="Source\External\glm\glm.hpp">
      <Filter>Source</Filter>
    </ClInclude>
    <ClInclude Include="Source\External\GLEW\include\GL\glxew.h">
      <Filter>Source</Filter>
    </ClInclude>
    <ClInclude Include="Source\External\glm\gtx\gradient_paint.hpp">
      <Filter>Source</Filter>
    </ClInclude>
    <ClInclude Include="Source\Graphics\GraphicsHandler.h">
      <Filter>Source</Filter>
    </ClInclude>
    <ClInclude Include="Source\GUI\guiHandler.h">
      <Filter>Source</Filter>
    </ClInclude>
    <ClInclude Include="Source\External\glm\gtx\handed_coordinate_space.hpp">
      <Filter>Source</Filter>
    </ClInclude>
    <ClInclude Include="Source\External\glm\gtx\hash.hpp">
      <Filter>Source</Filter>
    </ClInclude>
    <ClInclude Include="Source\External\ImGUI\Core\imconfig.h">
      <Filter>Source</Filter>
    </ClInclude>
    <ClInclude Include="Source\External\ImGUI\Core\imgui.h">
      <Filter>Source</Filter>
    </ClInclude>
    <ClInclude Include="Source\External\ImGUI\Implementations\imgui_impl_glfw.h">
      <Filter>Source</Filter>
    </ClInclude>
    <ClInclude Include="Source\External\ImGUI\Implementations\imgui_impl_opengl3.h">
      <Filter>Source</Filter>
    </ClInclude>
    <ClInclude Include="Source\External\ImGUI\Core\imgui_internal.h">
      <Filter>Source</Filter>
    </ClInclude>
    <ClInclude Include="Source\External\ImGUI\Core\imstb_rectpack.h">
      <Filter>Source</Filter>
    </ClInclude>
    <ClInclude Include="Source\External\ImGUI\Core\imstb_textedit.h">
      <Filter>Source</Filter>
    </ClInclude>
    <ClInclude Include="Source\External\ImGUI\Core\imstb_truetype.h">
      <Filter>Source</Filter>
    </ClInclude>
    <ClInclude Include="Source\External\glm\simd\integer.h">
      <Filter>Source</Filter>
    </ClInclude>
    <ClInclude Include="Source\External\glm\gtc\integer.hpp">
      <Filter>Source</Filter>
    </ClInclude>
    <ClInclude Include="Source\External\glm\integer.hpp">
      <Filter>Source</Filter>
    </ClInclude>
    <ClInclude Include="Source\External\glm\gtx\integer.hpp">
      <Filter>Source</Filter>
    </ClInclude>
    <ClInclude Include="Source\External\glm\gtx\intersect.hpp">
      <Filter>Source</Filter>
    </ClInclude>
    <ClInclude Include="Source\External\glm\gtx\io.hpp">
      <Filter>Source</Filter>
    </ClInclude>
    <ClInclude Include="Source\External\GLAD\Includes\KHR\khrplatform.h">
      <Filter>Source</Filter>
    </ClInclude>
    <ClInclude Include="Source\External\glm\gtx\log_base.hpp">
      <Filter>Source</Filter>
    </ClInclude>
    <ClInclude Include="Source\External\Boost\Includes\bind\make_adaptable.hpp">
      <Filter>Source</Filter>
    </ClInclude>
    <ClInclude Include="Source\External\glm\mat2x2.hpp">
      <Filter>Source</Filter>
    </ClInclude>
    <ClInclude Include="Source\External\glm\mat2x3.hpp">
      <Filter>Source</Filter>
    </ClInclude>
    <ClInclude Include="Source\External\glm\mat2x4.hpp">
      <Filter>Source</Filter>
    </ClInclude>
    <ClInclude Include="Source\External\glm\mat3x2.hpp">
      <Filter>Source</Filter>
    </ClInclude>
    <ClInclude Include="Source\External\glm\mat3x3.hpp">
      <Filter>Source</Filter>
    </ClInclude>
    <ClInclude Include="Source\External\glm\mat3x4.hpp">
      <Filter>Source</Filter>
    </ClInclude>
    <ClInclude Include="Source\External\glm\mat4x2.hpp">
      <Filter>Source</Filter>
    </ClInclude>
    <ClInclude Include="Source\External\glm\mat4x3.hpp">
      <Filter>Source</Filter>
    </ClInclude>
    <ClInclude Include="Source\External\glm\mat4x4.hpp">
      <Filter>Source</Filter>
    </ClInclude>
    <ClInclude Include="Source\External\glm\simd\matrix.h">
      <Filter>Source</Filter>
    </ClInclude>
    <ClInclude Include="Source\External\glm\matrix.hpp">
      <Filter>Source</Filter>
    </ClInclude>
    <ClInclude Include="Source\External\glm\gtc\matrix_access.hpp">
      <Filter>Source</Filter>
    </ClInclude>
    <ClInclude Include="Source\External\glm\ext\matrix_clip_space.hpp">
      <Filter>Source</Filter>
    </ClInclude>
    <ClInclude Include="Source\External\glm\ext\matrix_common.hpp">
      <Filter>Source</Filter>
    </ClInclude>
    <ClInclude Include="Source\External\glm\gtx\matrix_cross_product.hpp">
      <Filter>Source</Filter>
    </ClInclude>
    <ClInclude Include="Source\External\glm\gtx\matrix_decompose.hpp">
      <Filter>Source</Filter>
    </ClInclude>
    <ClInclude Include="Source\External\glm\ext\matrix_double2x2.hpp">
      <Filter>Source</Filter>
    </ClInclude>
    <ClInclude Include="Source\External\glm\ext\matrix_double2x2_precision.hpp">
      <Filter>Source</Filter>
    </ClInclude>
    <ClInclude Include="Source\External\glm\ext\matrix_double2x3.hpp">
      <Filter>Source</Filter>
    </ClInclude>
    <ClInclude Include="Source\External\glm\ext\matrix_double2x3_precision.hpp">
      <Filter>Source</Filter>
    </ClInclude>
    <ClInclude Include="Source\External\glm\ext\matrix_double2x4.hpp">
      <Filter>Source</Filter>
    </ClInclude>
    <ClInclude Include="Source\External\glm\ext\matrix_double2x4_precision.hpp">
      <Filter>Source</Filter>
    </ClInclude>
    <ClInclude Include="Source\External\glm\ext\matrix_double3x2.hpp">
      <Filter>Source</Filter>
    </ClInclude>
    <ClInclude Include="Source\External\glm\ext\matrix_double3x2_precision.hpp">
      <Filter>Source</Filter>
    </ClInclude>
    <ClInclude Include="Source\External\glm\ext\matrix_double3x3.hpp">
      <Filter>Source</Filter>
    </ClInclude>
    <ClInclude Include="Source\External\glm\ext\matrix_double3x3_precision.hpp">
      <Filter>Source</Filter>
    </ClInclude>
    <ClInclude Include="Source\External\glm\ext\matrix_double3x4.hpp">
      <Filter>Source</Filter>
    </ClInclude>
    <ClInclude Include="Source\External\glm\ext\matrix_double3x4_precision.hpp">
      <Filter>Source</Filter>
    </ClInclude>
    <ClInclude Include="Source\External\glm\ext\matrix_double4x2.hpp">
      <Filter>Source</Filter>
    </ClInclude>
    <ClInclude Include="Source\External\glm\ext\matrix_double4x2_precision.hpp">
      <Filter>Source</Filter>
    </ClInclude>
    <ClInclude Include="Source\External\glm\ext\matrix_double4x3.hpp">
      <Filter>Source</Filter>
    </ClInclude>
    <ClInclude Include="Source\External\glm\ext\matrix_double4x3_precision.hpp">
      <Filter>Source</Filter>
    </ClInclude>
    <ClInclude Include="Source\External\glm\ext\matrix_double4x4.hpp">
      <Filter>Source</Filter>
    </ClInclude>
    <ClInclude Include="Source\External\glm\ext\matrix_double4x4_precision.hpp">
      <Filter>Source</Filter>
    </ClInclude>
    <ClInclude Include="Source\External\glm\gtx\matrix_factorisation.hpp">
      <Filter>Source</Filter>
    </ClInclude>
    <ClInclude Include="Source\External\glm\ext\matrix_float2x2.hpp">
      <Filter>Source</Filter>
    </ClInclude>
    <ClInclude Include="Source\External\glm\ext\matrix_float2x2_precision.hpp">
      <Filter>Source</Filter>
    </ClInclude>
    <ClInclude Include="Source\External\glm\ext\matrix_float2x3.hpp">
      <Filter>Source</Filter>
    </ClInclude>
    <ClInclude Include="Source\External\glm\ext\matrix_float2x3_precision.hpp">
      <Filter>Source</Filter>
    </ClInclude>
    <ClInclude Include="Source\External\glm\ext\matrix_float2x4.hpp">
      <Filter>Source</Filter>
    </ClInclude>
    <ClInclude Include="Source\External\glm\ext\matrix_float2x4_precision.hpp">
      <Filter>Source</Filter>
    </ClInclude>
    <ClInclude Include="Source\External\glm\ext\matrix_float3x2.hpp">
      <Filter>Source</Filter>
    </ClInclude>
    <ClInclude Include="Source\External\glm\ext\matrix_float3x2_precision.hpp">
      <Filter>Source</Filter>
    </ClInclude>
    <ClInclude Include="Source\External\glm\ext\matrix_float3x3.hpp">
      <Filter>Source</Filter>
    </ClInclude>
    <ClInclude Include="Source\External\glm\ext\matrix_float3x3_precision.hpp">
      <Filter>Source</Filter>
    </ClInclude>
    <ClInclude Include="Source\External\glm\ext\matrix_float3x4.hpp">
      <Filter>Source</Filter>
    </ClInclude>
    <ClInclude Include="Source\External\glm\ext\matrix_float3x4_precision.hpp">
      <Filter>Source</Filter>
    </ClInclude>
    <ClInclude Include="Source\External\glm\ext\matrix_float4x2.hpp">
      <Filter>Source</Filter>
    </ClInclude>
    <ClInclude Include="Source\External\glm\ext\matrix_float4x2_precision.hpp">
      <Filter>Source</Filter>
    </ClInclude>
    <ClInclude Include="Source\External\glm\ext\matrix_float4x3.hpp">
      <Filter>Source</Filter>
    </ClInclude>
    <ClInclude Include="Source\External\glm\ext\matrix_float4x3_precision.hpp">
      <Filter>Source</Filter>
    </ClInclude>
    <ClInclude Include="Source\External\glm\ext\matrix_float4x4.hpp">
      <Filter>Source</Filter>
    </ClInclude>
    <ClInclude Include="Source\External\glm\ext\matrix_float4x4_precision.hpp">
      <Filter>Source</Filter>
    </ClInclude>
    <ClInclude Include="Source\External\glm\ext\matrix_int2x2.hpp">
      <Filter>Source</Filter>
    </ClInclude>
    <ClInclude Include="Source\External\glm\ext\matrix_int2x2_sized.hpp">
      <Filter>Source</Filter>
    </ClInclude>
    <ClInclude Include="Source\External\glm\ext\matrix_int2x3.hpp">
      <Filter>Source</Filter>
    </ClInclude>
    <ClInclude Include="Source\External\glm\ext\matrix_int2x3_sized.hpp">
      <Filter>Source</Filter>
    </ClInclude>
    <ClInclude Include="Source\External\glm\ext\matrix_int2x4.hpp">
      <Filter>Source</Filter>
    </ClInclude>
    <ClInclude Include="Source\External\glm\ext\matrix_int2x4_sized.hpp">
      <Filter>Source</Filter>
    </ClInclude>
    <ClInclude Include="Source\External\glm\ext\matrix_int3x2.hpp">
      <Filter>Source</Filter>
    </ClInclude>
    <ClInclude Include="Source\External\glm\ext\matrix_int3x2_sized.hpp">
      <Filter>Source</Filter>
    </ClInclude>
    <ClInclude Include="Source\External\glm\ext\matrix_int3x3.hpp">
      <Filter>Source</Filter>
    </ClInclude>
    <ClInclude Include="Source\External\glm\ext\matrix_int3x3_sized.hpp">
      <Filter>Source</Filter>
    </ClInclude>
    <ClInclude Include="Source\External\glm\ext\matrix_int3x4.hpp">
      <Filter>Source</Filter>
    </ClInclude>
    <ClInclude Include="Source\External\glm\ext\matrix_int3x4_sized.hpp">
      <Filter>Source</Filter>
    </ClInclude>
    <ClInclude Include="Source\External\glm\ext\matrix_int4x2.hpp">
      <Filter>Source</Filter>
    </ClInclude>
    <ClInclude Include="Source\External\glm\ext\matrix_int4x2_sized.hpp">
      <Filter>Source</Filter>
    </ClInclude>
    <ClInclude Include="Source\External\glm\ext\matrix_int4x3.hpp">
      <Filter>Source</Filter>
    </ClInclude>
    <ClInclude Include="Source\External\glm\ext\matrix_int4x3_sized.hpp">
      <Filter>Source</Filter>
    </ClInclude>
    <ClInclude Include="Source\External\glm\ext\matrix_int4x4.hpp">
      <Filter>Source</Filter>
    </ClInclude>
    <ClInclude Include="Source\External\glm\ext\matrix_int4x4_sized.hpp">
      <Filter>Source</Filter>
    </ClInclude>
    <ClInclude Include="Source\External\glm\gtc\matrix_integer.hpp">
      <Filter>Source</Filter>
    </ClInclude>
    <ClInclude Include="Source\External\glm\gtx\matrix_interpolation.hpp">
      <Filter>Source</Filter>
    </ClInclude>
    <ClInclude Include="Source\External\glm\gtc\matrix_inverse.hpp">
      <Filter>Source</Filter>
    </ClInclude>
    <ClInclude Include="Source\External\glm\gtx\matrix_major_storage.hpp">
      <Filter>Source</Filter>
    </ClInclude>
    <ClInclude Include="Source\External\glm\gtx\matrix_operation.hpp">
      <Filter>Source</Filter>
    </ClInclude>
    <ClInclude Include="Source\External\glm\ext\matrix_projection.hpp">
      <Filter>Source</Filter>
    </ClInclude>
    <ClInclude Include="Source\External\glm\gtx\matrix_query.hpp">
      <Filter>Source</Filter>
    </ClInclude>
    <ClInclude Include="Source\External\glm\ext\matrix_relational.hpp">
      <Filter>Source</Filter>
    </ClInclude>
    <ClInclude Include="Source\External\glm\ext\matrix_transform.hpp">
      <Filter>Source</Filter>
    </ClInclude>
    <ClInclude Include="Source\External\glm\gtc\matrix_transform.hpp">
      <Filter>Source</Filter>
    </ClInclude>
    <ClInclude Include="Source\External\glm\gtx\matrix_transform_2d.hpp">
      <Filter>Source</Filter>
    </ClInclude>
    <ClInclude Include="Source\External\glm\ext\matrix_uint2x2.hpp">
      <Filter>Source</Filter>
    </ClInclude>
    <ClInclude Include="Source\External\glm\ext\matrix_uint2x2_sized.hpp">
      <Filter>Source</Filter>
    </ClInclude>
    <ClInclude Include="Source\External\glm\ext\matrix_uint2x3.hpp">
      <Filter>Source</Filter>
    </ClInclude>
    <ClInclude Include="Source\External\glm\ext\matrix_uint2x3_sized.hpp">
      <Filter>Source</Filter>
    </ClInclude>
    <ClInclude Include="Source\External\glm\ext\matrix_uint2x4.hpp">
      <Filter>Source</Filter>
    </ClInclude>
    <ClInclude Include="Source\External\glm\ext\matrix_uint2x4_sized.hpp">
      <Filter>Source</Filter>
    </ClInclude>
    <ClInclude Include="Source\External\glm\ext\matrix_uint3x2.hpp">
      <Filter>Source</Filter>
    </ClInclude>
    <ClInclude Include="Source\External\glm\ext\matrix_uint3x2_sized.hpp">
      <Filter>Source</Filter>
    </ClInclude>
    <ClInclude Include="Source\External\glm\ext\matrix_uint3x3.hpp">
      <Filter>Source</Filter>
    </ClInclude>
    <ClInclude Include="Source\External\glm\ext\matrix_uint3x3_sized.hpp">
      <Filter>Source</Filter>
    </ClInclude>
    <ClInclude Include="Source\External\glm\ext\matrix_uint3x4.hpp">
      <Filter>Source</Filter>
    </ClInclude>
    <ClInclude Include="Source\External\glm\ext\matrix_uint3x4_sized.hpp">
      <Filter>Source</Filter>
    </ClInclude>
    <ClInclude Include="Source\External\glm\ext\matrix_uint4x2.hpp">
      <Filter>Source</Filter>
    </ClInclude>
    <ClInclude Include="Source\External\glm\ext\matrix_uint4x2_sized.hpp">
      <Filter>Source</Filter>
    </ClInclude>
    <ClInclude Include="Source\External\glm\ext\matrix_uint4x3.hpp">
      <Filter>Source</Filter>
    </ClInclude>
    <ClInclude Include="Source\External\glm\ext\matrix_uint4x3_sized.hpp">
      <Filter>Source</Filter>
    </ClInclude>
    <ClInclude Include="Source\External\glm\ext\matrix_uint4x4.hpp">
      <Filter>Source</Filter>
    </ClInclude>
    <ClInclude Include="Source\External\glm\ext\matrix_uint4x4_sized.hpp">
      <Filter>Source</Filter>
    </ClInclude>
    <ClInclude Include="Source\External\Boost\Includes\bind\mem_fn.hpp">
      <Filter>Source</Filter>
    </ClInclude>
    <ClInclude Include="Source\External\Boost\Includes\bind\mem_fn_cc.hpp">
      <Filter>Source</Filter>
    </ClInclude>
    <ClInclude Include="Source\External\Boost\Includes\bind\mem_fn_template.hpp">
      <Filter>Source</Filter>
    </ClInclude>
    <ClInclude Include="Source\External\Boost\Includes\bind\mem_fn_vw.hpp">
      <Filter>Source</Filter>
    </ClInclude>
    <ClInclude Include="Source\External\glm\gtx\mixed_product.hpp">
      <Filter>Source</Filter>
    </ClInclude>
    <ClInclude Include="Source\Graphics\OpenGL\Engines\Design2DEngine\Peripherals\MousePoint.h">
      <Filter>Source</Filter>
    </ClInclude>
    <ClInclude Include="Source\External\glm\simd\neon.h">
      <Filter>Source</Filter>
    </ClInclude>
    <ClInclude Include="Source\External\glm\gtc\noise.hpp">
      <Filter>Source</Filter>
    </ClInclude>
    <ClInclude Include="Source\External\glm\gtx\norm.hpp">
      <Filter>Source</Filter>
    </ClInclude>
    <ClInclude Include="Source\External\glm\gtx\normal.hpp">
      <Filter>Source</Filter>
    </ClInclude>
    <ClInclude Include="Source\External\glm\gtx\normalize_dot.hpp">
      <Filter>Source</Filter>
    </ClInclude>
    <ClInclude Include="Source\GUI\notify.h">
      <Filter>Source</Filter>
    </ClInclude>
    <ClInclude Include="Source\External\glm\gtx\number_precision.hpp">
      <Filter>Source</Filter>
    </ClInclude>
    <ClInclude Include="Source\Graphics\OpenGL\ShaderHandler\ShaderHandler.h">
      <Filter>Source</Filter>
    </ClInclude>
    <ClInclude Include="Source\External\glm\gtx\optimum_pow.hpp">
      <Filter>Source</Filter>
    </ClInclude>
    <ClInclude Include="Source\External\glm\gtx\orthonormalize.hpp">
      <Filter>Source</Filter>
    </ClInclude>
    <ClInclude Include="Source\External\freetype\Includes\dlg\output.h">
      <Filter>Source</Filter>
    </ClInclude>
    <ClInclude Include="Source\External\glm\simd\packing.h">
      <Filter>Source</Filter>
    </ClInclude>
    <ClInclude Include="Source\External\glm\packing.hpp">
      <Filter>Source</Filter>
    </ClInclude>
    <ClInclude Include="Source\External\glm\gtc\packing.hpp">
      <Filter>Source</Filter>
    </ClInclude>
    <ClInclude Include="Source\External\glm\gtx\perpendicular.hpp">
      <Filter>Source</Filter>
    </ClInclude>
    <ClInclude Include="Source\External\Boost\Includes\bind\placeholders.hpp">
      <Filter>Source</Filter>
    </ClInclude>
    <ClInclude Include="Source\External\glm\simd\platform.h">
      <Filter>Source</Filter>
    </ClInclude>
    <ClInclude Include="Source\External\glm\gtx\polar_coordinates.hpp">
      <Filter>Source</Filter>
    </ClInclude>
    <ClInclude Include="Source\External\glm\gtx\projection.hpp">
      <Filter>Source</Filter>
    </ClInclude>
    <ClInclude Include="Source\External\Boost\Includes\bind\protect.hpp">
      <Filter>Source</Filter>
    </ClInclude>
    <ClInclude Include="Source\External\freetype\Includes\freetype\internal\psaux.h">
      <Filter>Source</Filter>
    </ClInclude>
    <ClInclude Include="Source\External\freetype\Includes\freetype\internal\pshints.h">
      <Filter>Source</Filter>
    </ClInclude>
    <ClInclude Include="Source\External\glm\detail\qualifier.hpp">
      <Filter>Source</Filter>
    </ClInclude>
    <ClInclude Include="Source\External\glm\gtx\quaternion.hpp">
      <Filter>Source</Filter>
    </ClInclude>
    <ClInclude Include="Source\External\glm\gtc\quaternion.hpp">
      <Filter>Source</Filter>
    </ClInclude>
    <ClInclude Include="Source\External\glm\ext\quaternion_common.hpp">
      <Filter>Source</Filter>
    </ClInclude>
    <ClInclude Include="Source\External\glm\ext\quaternion_double.hpp">
      <Filter>Source</Filter>
    </ClInclude>
    <ClInclude Include="Source\External\glm\ext\quaternion_double_precision.hpp">
      <Filter>Source</Filter>
    </ClInclude>
    <ClInclude Include="Source\External\glm\ext\quaternion_exponential.hpp">
      <Filter>Source</Filter>
    </ClInclude>
    <ClInclude Include="Source\External\glm\ext\quaternion_float.hpp">
      <Filter>Source</Filter>
    </ClInclude>
    <ClInclude Include="Source\External\glm\ext\quaternion_float_precision.hpp">
      <Filter>Source</Filter>
    </ClInclude>
    <ClInclude Include="Source\External\glm\ext\quaternion_geometric.hpp">
      <Filter>Source</Filter>
    </ClInclude>
    <ClInclude Include="Source\External\glm\ext\quaternion_relational.hpp">
      <Filter>Source</Filter>
    </ClInclude>
    <ClInclude Include="Source\External\glm\ext\quaternion_transform.hpp">
      <Filter>Source</Filter>
    </ClInclude>
    <ClInclude Include="Source\External\glm\ext\quaternion_trigonometric.hpp">
      <Filter>Source</Filter>
    </ClInclude>
    <ClInclude Include="Source\External\glm\gtc\random.hpp">
      <Filter>Source</Filter>
    </ClInclude>
    <ClInclude Include="Source\External\glm\gtx\range.hpp">
      <Filter>Source</Filter>
    </ClInclude>
    <ClInclude Include="Source\External\glm\gtx\raw_data.hpp">
      <Filter>Source</Filter>
    </ClInclude>
    <ClInclude Include="Source\External\glm\gtc\reciprocal.hpp">
      <Filter>Source</Filter>
    </ClInclude>
    <ClInclude Include="Source\Resources\ResourceHandler.h">
      <Filter>Source</Filter>
    </ClInclude>
    <ClInclude Include="Source\External\Boost\Includes\bind\detail\result_traits.hpp">
      <Filter>Source</Filter>
    </ClInclude>
    <ClInclude Include="Source\GUI\Ribbons\ribbons.h">
      <Filter>Source</Filter>
    </ClInclude>
    <ClInclude Include="Source\External\glm\gtx\rotate_normalized_axis.hpp">
      <Filter>Source</Filter>
    </ClInclude>
    <ClInclude Include="Source\External\glm\gtx\rotate_vector.hpp">
      <Filter>Source</Filter>
    </ClInclude>
    <ClInclude Include="Source\External\glm\gtc\round.hpp">
      <Filter>Source</Filter>
    </ClInclude>
    <ClInclude Include="Source\External\glm\ext\scalar_common.hpp">
      <Filter>Source</Filter>
    </ClInclude>
    <ClInclude Include="Source\External\glm\ext\scalar_constants.hpp">
      <Filter>Source</Filter>
    </ClInclude>
    <ClInclude Include="Source\External\glm\ext\scalar_int_sized.hpp">
      <Filter>Source</Filter>
    </ClInclude>
    <ClInclude Include="Source\External\glm\ext\scalar_integer.hpp">
      <Filter>Source</Filter>
    </ClInclude>
    <ClInclude Include="Source\External\glm\gtx\scalar_multiplication.hpp">
      <Filter>Source</Filter>
    </ClInclude>
    <ClInclude Include="Source\External\glm\ext\scalar_packing.hpp">
      <Filter>Source</Filter>
    </ClInclude>
    <ClInclude Include="Source\External\glm\ext\scalar_relational.hpp">
      <Filter>Source</Filter>
    </ClInclude>
    <ClInclude Include="Source\External\glm\gtx\scalar_relational.hpp">
      <Filter>Source</Filter>
    </ClInclude>
    <ClInclude Include="Source\External\glm\ext\scalar_uint_sized.hpp">
      <Filter>Source</Filter>
    </ClInclude>
    <ClInclude Include="Source\External\glm\ext\scalar_ulp.hpp">
      <Filter>Source</Filter>
    </ClInclude>
    <ClInclude Include="Source\External\glm\detail\setup.hpp">
      <Filter>Source</Filter>
    </ClInclude>
    <ClInclude Include="Source\External\freetype\Includes\freetype\internal\sfnt.h">
      <Filter>Source</Filter>
    </ClInclude>
    <ClInclude Include="Source\External\glm\gtx\spline.hpp">
      <Filter>Source</Filter>
    </ClInclude>
    <ClInclude Include="Source\StateMachine.h">
      <Filter>Source</Filter>
    </ClInclude>
    <ClInclude Include="Source\GUI\Ribbons\stb_image.h">
      <Filter>Source</Filter>
    </ClInclude>
    <ClInclude Include="Source\External\Misc\stb_image.h">
      <Filter>Source</Filter>
    </ClInclude>
    <ClInclude Include="Source\External\glm\gtx\std_based_type.hpp">
      <Filter>Source</Filter>
    </ClInclude>
    <ClInclude Include="Source\External\Boost\Includes\bind\std_placeholders.hpp">
      <Filter>Source</Filter>
    </ClInclude>
    <ClInclude Include="Source\External\Boost\Includes\bind\storage.hpp">
      <Filter>Source</Filter>
    </ClInclude>
    <ClInclude Include="Source\External\glm\gtx\string_cast.hpp">
      <Filter>Source</Filter>
    </ClInclude>
    <ClInclude Include="Source\External\freetype\Includes\freetype\internal\services\svbdf.h">
      <Filter>Source</Filter>
    </ClInclude>
    <ClInclude Include="Source\External\freetype\Includes\freetype\internal\services\svcfftl.h">
      <Filter>Source</Filter>
    </ClInclude>
    <ClInclude Include="Source\External\freetype\Includes\freetype\internal\services\svcid.h">
      <Filter>Source</Filter>
    </ClInclude>
    <ClInclude Include="Source\External\freetype\Includes\freetype\internal\services\svfntfmt.h">
      <Filter>Source</Filter>
    </ClInclude>
    <ClInclude Include="Source\External\freetype\Includes\freetype\internal\services\svgldict.h">
      <Filter>Source</Filter>
    </ClInclude>
    <ClInclude Include="Source\External\freetype\Includes\freetype\internal\services\svgxval.h">
      <Filter>Source</Filter>
    </ClInclude>
    <ClInclude Include="Source\External\freetype\Includes\freetype\internal\services\svkern.h">
      <Filter>Source</Filter>
    </ClInclude>
    <ClInclude Include="Source\External\freetype\Includes\freetype\internal\services\svmetric.h">
      <Filter>Source</Filter>
    </ClInclude>
    <ClInclude Include="Source\External\freetype\Includes\freetype\internal\services\svmm.h">
      <Filter>Source</Filter>
    </ClInclude>
    <ClInclude Include="Source\External\freetype\Includes\freetype\internal\services\svotval.h">
      <Filter>Source</Filter>
    </ClInclude>
    <ClInclude Include="Source\External\freetype\Includes\freetype\internal\services\svpfr.h">
      <Filter>Source</Filter>
    </ClInclude>
    <ClInclude Include="Source\External\freetype\Includes\freetype\internal\services\svpostnm.h">
      <Filter>Source</Filter>
    </ClInclude>
    <ClInclude Include="Source\External\freetype\Includes\freetype\internal\services\svprop.h">
      <Filter>Source</Filter>
    </ClInclude>
    <ClInclude Include="Source\External\freetype\Includes\freetype\internal\services\svpscmap.h">
      <Filter>Source</Filter>
    </ClInclude>
    <ClInclude Include="Source\External\freetype\Includes\freetype\internal\services\svpsinfo.h">
      <Filter>Source</Filter>
    </ClInclude>
    <ClInclude Include="Source\External\freetype\Includes\freetype\internal\services\svsfnt.h">
      <Filter>Source</Filter>
    </ClInclude>
    <ClInclude Include="Source\External\freetype\Includes\freetype\internal\services\svttcmap.h">
      <Filter>Source</Filter>
    </ClInclude>
    <ClInclude Include="Source\External\freetype\Includes\freetype\internal\services\svtteng.h">
      <Filter>Source</Filter>
    </ClInclude>
    <ClInclude Include="Source\External\freetype\Includes\freetype\internal\services\svttglyf.h">
      <Filter>Source</Filter>
    </ClInclude>
    <ClInclude Include="Source\External\freetype\Includes\freetype\internal\services\svwinfnt.h">
      <Filter>Source</Filter>
    </ClInclude>
    <ClInclude Include="Source\External\freetype\Includes\freetype\internal\t1types.h">
      <Filter>Source</Filter>
    </ClInclude>
    <ClInclude Include="Source\Graphics\OpenGL\Engines\Base2DEngine\Peripherals\TextRenderer.h">
      <Filter>Source</Filter>
    </ClInclude>
    <ClInclude Include="Source\External\glm\gtx\texture.hpp">
      <Filter>Source</Filter>
    </ClInclude>
    <ClInclude Include="Source\GUI\toolbar.h">
      <Filter>Source</Filter>
    </ClInclude>
    <ClInclude Include="Source\GUI\Toolbar\toolbar.h">
      <Filter>Source</Filter>
    </ClInclude>
    <ClInclude Include="Source\External\glm\gtx\transform.hpp">
      <Filter>Source</Filter>
    </ClInclude>
    <ClInclude Include="Source\External\glm\gtx\transform2.hpp">
      <Filter>Source</Filter>
    </ClInclude>
    <ClInclude Include="Source\External\glm\simd\trigonometric.h">
      <Filter>Source</Filter>
    </ClInclude>
    <ClInclude Include="Source\External\glm\trigonometric.hpp">
      <Filter>Source</Filter>
    </ClInclude>
    <ClInclude Include="Source\External\freetype\Includes\freetype\internal\tttypes.h">
      <Filter>Source</Filter>
    </ClInclude>
    <ClInclude Include="Source\External\glm\gtx\type_aligned.hpp">
      <Filter>Source</Filter>
    </ClInclude>
    <ClInclude Include="Source\External\glm\gtc\type_aligned.hpp">
      <Filter>Source</Filter>
    </ClInclude>
    <ClInclude Include="Source\External\glm\detail\type_float.hpp">
      <Filter>Source</Filter>
    </ClInclude>
    <ClInclude Include="Source\External\glm\detail\type_half.hpp">
      <Filter>Source</Filter>
    </ClInclude>
    <ClInclude Include="Source\External\glm\detail\type_mat2x2.hpp">
      <Filter>Source</Filter>
    </ClInclude>
    <ClInclude Include="Source\External\glm\detail\type_mat2x3.hpp">
      <Filter>Source</Filter>
    </ClInclude>
    <ClInclude Include="Source\External\glm\detail\type_mat2x4.hpp">
      <Filter>Source</Filter>
    </ClInclude>
    <ClInclude Include="Source\External\glm\detail\type_mat3x2.hpp">
      <Filter>Source</Filter>
    </ClInclude>
    <ClInclude Include="Source\External\glm\detail\type_mat3x3.hpp">
      <Filter>Source</Filter>
    </ClInclude>
    <ClInclude Include="Source\External\glm\detail\type_mat3x4.hpp">
      <Filter>Source</Filter>
    </ClInclude>
    <ClInclude Include="Source\External\glm\detail\type_mat4x2.hpp">
      <Filter>Source</Filter>
    </ClInclude>
    <ClInclude Include="Source\External\glm\detail\type_mat4x3.hpp">
      <Filter>Source</Filter>
    </ClInclude>
    <ClInclude Include="Source\External\glm\detail\type_mat4x4.hpp">
      <Filter>Source</Filter>
    </ClInclude>
    <ClInclude Include="Source\External\glm\gtc\type_precision.hpp">
      <Filter>Source</Filter>
    </ClInclude>
    <ClInclude Include="Source\External\glm\gtc\type_ptr.hpp">
      <Filter>Source</Filter>
    </ClInclude>
    <ClInclude Include="Source\External\glm\detail\type_quat.hpp">
      <Filter>Source</Filter>
    </ClInclude>
    <ClInclude Include="Source\External\glm\gtx\type_trait.hpp">
      <Filter>Source</Filter>
    </ClInclude>
    <ClInclude Include="Source\External\glm\detail\type_vec1.hpp">
      <Filter>Source</Filter>
    </ClInclude>
    <ClInclude Include="Source\External\glm\detail\type_vec2.hpp">
      <Filter>Source</Filter>
    </ClInclude>
    <ClInclude Include="Source\External\glm\detail\type_vec3.hpp">
      <Filter>Source</Filter>
    </ClInclude>
    <ClInclude Include="Source\External\glm\detail\type_vec4.hpp">
      <Filter>Source</Filter>
    </ClInclude>
    <ClInclude Include="Source\External\glm\gtc\ulp.hpp">
      <Filter>Source</Filter>
    </ClInclude>
    <ClInclude Include="Source\External\glm\gtx\vec_swizzle.hpp">
      <Filter>Source</Filter>
    </ClInclude>
    <ClInclude Include="Source\External\glm\gtc\vec1.hpp">
      <Filter>Source</Filter>
    </ClInclude>
    <ClInclude Include="Source\External\glm\vec2.hpp">
      <Filter>Source</Filter>
    </ClInclude>
    <ClInclude Include="Source\External\glm\vec3.hpp">
      <Filter>Source</Filter>
    </ClInclude>
    <ClInclude Include="Source\External\glm\vec4.hpp">
      <Filter>Source</Filter>
    </ClInclude>
    <ClInclude Include="Source\External\glm\gtx\vector_angle.hpp">
      <Filter>Source</Filter>
    </ClInclude>
    <ClInclude Include="Source\External\glm\ext\vector_bool1.hpp">
      <Filter>Source</Filter>
    </ClInclude>
    <ClInclude Include="Source\External\glm\ext\vector_bool1_precision.hpp">
      <Filter>Source</Filter>
    </ClInclude>
    <ClInclude Include="Source\External\glm\ext\vector_bool2.hpp">
      <Filter>Source</Filter>
    </ClInclude>
    <ClInclude Include="Source\External\glm\ext\vector_bool2_precision.hpp">
      <Filter>Source</Filter>
    </ClInclude>
    <ClInclude Include="Source\External\glm\ext\vector_bool3.hpp">
      <Filter>Source</Filter>
    </ClInclude>
    <ClInclude Include="Source\External\glm\ext\vector_bool3_precision.hpp">
      <Filter>Source</Filter>
    </ClInclude>
    <ClInclude Include="Source\External\glm\ext\vector_bool4.hpp">
      <Filter>Source</Filter>
    </ClInclude>
    <ClInclude Include="Source\External\glm\ext\vector_bool4_precision.hpp">
      <Filter>Source</Filter>
    </ClInclude>
    <ClInclude Include="Source\External\glm\ext\vector_common.hpp">
      <Filter>Source</Filter>
    </ClInclude>
    <ClInclude Include="Source\External\glm\ext\vector_double1.hpp">
      <Filter>Source</Filter>
    </ClInclude>
    <ClInclude Include="Source\External\glm\ext\vector_double1_precision.hpp">
      <Filter>Source</Filter>
    </ClInclude>
    <ClInclude Include="Source\External\glm\ext\vector_double2.hpp">
      <Filter>Source</Filter>
    </ClInclude>
    <ClInclude Include="Source\External\glm\ext\vector_double2_precision.hpp">
      <Filter>Source</Filter>
    </ClInclude>
    <ClInclude Include="Source\External\glm\ext\vector_double3.hpp">
      <Filter>Source</Filter>
    </ClInclude>
    <ClInclude Include="Source\External\glm\ext\vector_double3_precision.hpp">
      <Filter>Source</Filter>
    </ClInclude>
    <ClInclude Include="Source\External\glm\ext\vector_double4.hpp">
      <Filter>Source</Filter>
    </ClInclude>
    <ClInclude Include="Source\External\glm\ext\vector_double4_precision.hpp">
      <Filter>Source</Filter>
    </ClInclude>
    <ClInclude Include="Source\External\glm\ext\vector_float1.hpp">
      <Filter>Source</Filter>
    </ClInclude>
    <ClInclude Include="Source\External\glm\ext\vector_float1_precision.hpp">
      <Filter>Source</Filter>
    </ClInclude>
    <ClInclude Include="Source\External\glm\ext\vector_float2.hpp">
      <Filter>Source</Filter>
    </ClInclude>
    <ClInclude Include="Source\External\glm\ext\vector_float2_precision.hpp">
      <Filter>Source</Filter>
    </ClInclude>
    <ClInclude Include="Source\External\glm\ext\vector_float3.hpp">
      <Filter>Source</Filter>
    </ClInclude>
    <ClInclude Include="Source\External\glm\ext\vector_float3_precision.hpp">
      <Filter>Source</Filter>
    </ClInclude>
    <ClInclude Include="Source\External\glm\ext\vector_float4.hpp">
      <Filter>Source</Filter>
    </ClInclude>
    <ClInclude Include="Source\External\glm\ext\vector_float4_precision.hpp">
      <Filter>Source</Filter>
    </ClInclude>
    <ClInclude Include="Source\External\glm\ext\vector_int1.hpp">
      <Filter>Source</Filter>
    </ClInclude>
    <ClInclude Include="Source\External\glm\ext\vector_int1_sized.hpp">
      <Filter>Source</Filter>
    </ClInclude>
    <ClInclude Include="Source\External\glm\ext\vector_int2.hpp">
      <Filter>Source</Filter>
    </ClInclude>
    <ClInclude Include="Source\External\glm\ext\vector_int2_sized.hpp">
      <Filter>Source</Filter>
    </ClInclude>
    <ClInclude Include="Source\External\glm\ext\vector_int3.hpp">
      <Filter>Source</Filter>
    </ClInclude>
    <ClInclude Include="Source\External\glm\ext\vector_int3_sized.hpp">
      <Filter>Source</Filter>
    </ClInclude>
    <ClInclude Include="Source\External\glm\ext\vector_int4.hpp">
      <Filter>Source</Filter>
    </ClInclude>
    <ClInclude Include="Source\External\glm\ext\vector_int4_sized.hpp">
      <Filter>Source</Filter>
    </ClInclude>
    <ClInclude Include="Source\External\glm\ext\vector_integer.hpp">
      <Filter>Source</Filter>
    </ClInclude>
    <ClInclude Include="Source\External\glm\ext\vector_packing.hpp">
      <Filter>Source</Filter>
    </ClInclude>
    <ClInclude Include="Source\External\glm\gtx\vector_query.hpp">
      <Filter>Source</Filter>
    </ClInclude>
    <ClInclude Include="Source\External\glm\simd\vector_relational.h">
      <Filter>Source</Filter>
    </ClInclude>
    <ClInclude Include="Source\External\glm\ext\vector_relational.hpp">
      <Filter>Source</Filter>
    </ClInclude>
    <ClInclude Include="Source\External\glm\vector_relational.hpp">
      <Filter>Source</Filter>
    </ClInclude>
    <ClInclude Include="Source\External\glm\ext\vector_uint1.hpp">
      <Filter>Source</Filter>
    </ClInclude>
    <ClInclude Include="Source\External\glm\ext\vector_uint1_sized.hpp">
      <Filter>Source</Filter>
    </ClInclude>
    <ClInclude Include="Source\External\glm\ext\vector_uint2.hpp">
      <Filter>Source</Filter>
    </ClInclude>
    <ClInclude Include="Source\External\glm\ext\vector_uint2_sized.hpp">
      <Filter>Source</Filter>
    </ClInclude>
    <ClInclude Include="Source\External\glm\ext\vector_uint3.hpp">
      <Filter>Source</Filter>
    </ClInclude>
    <ClInclude Include="Source\External\glm\ext\vector_uint3_sized.hpp">
      <Filter>Source</Filter>
    </ClInclude>
    <ClInclude Include="Source\External\glm\ext\vector_uint4.hpp">
      <Filter>Source</Filter>
    </ClInclude>
    <ClInclude Include="Source\External\glm\ext\vector_uint4_sized.hpp">
      <Filter>Source</Filter>
    </ClInclude>
    <ClInclude Include="Source\External\glm\ext\vector_ulp.hpp">
      <Filter>Source</Filter>
    </ClInclude>
    <ClInclude Include="Source\Graphics\OpenGL\Engines\Base2DEngine\Peripherals\VertexArrayObject.h">
      <Filter>Source</Filter>
    </ClInclude>
    <ClInclude Include="Source\External\GLEW\include\GL\wglew.h">
      <Filter>Source</Filter>
    </ClInclude>
    <ClInclude Include="Source\External\freetype\Includes\freetype\internal\wofftypes.h">
      <Filter>Source</Filter>
    </ClInclude>
    <ClInclude Include="Source\External\glm\gtx\wrap.hpp">
      <Filter>Source</Filter>
    </ClInclude>
    <ClInclude Include="Source\GUI\Graphics\graphics.h" />
    <ClInclude Include="Source\GUI\DemoWindow\demoWindow.h" />
    <ClInclude Include="Source\GUI\MCC\mcc.h" />
    <ClInclude Include="Source\GUI\UserGUI\userGUI.h" />
    <ClInclude Include="Source\Graphics\OpenGL\Engines\Base3DEngine\Base3D_Engine.h" />
    <ClInclude Include="Source\External\Misc\ConsoleColor.h" />
    <ClInclude Include="Source\External\SPDLog\cfg\argv.h" />
    <ClInclude Include="Source\External\SPDLog\cfg\env.h" />
    <ClInclude Include="Source\External\SPDLog\cfg\helpers.h" />
    <ClInclude Include="Source\External\SPDLog\cfg\helpers-inl.h" />
    <ClInclude Include="Source\External\SPDLog\details\backtracer.h" />
    <ClInclude Include="Source\External\SPDLog\details\backtracer-inl.h" />
    <ClInclude Include="Source\External\SPDLog\details\circular_q.h" />
    <ClInclude Include="Source\External\SPDLog\details\console_globals.h" />
    <ClInclude Include="Source\External\SPDLog\details\file_helper.h" />
    <ClInclude Include="Source\External\SPDLog\details\file_helper-inl.h" />
    <ClInclude Include="Source\External\SPDLog\details\fmt_helper.h" />
    <ClInclude Include="Source\External\SPDLog\details\log_msg.h" />
    <ClInclude Include="Source\External\SPDLog\details\log_msg_buffer.h" />
    <ClInclude Include="Source\External\SPDLog\details\log_msg_buffer-inl.h" />
    <ClInclude Include="Source\External\SPDLog\details\log_msg-inl.h" />
    <ClInclude Include="Source\External\SPDLog\details\mpmc_blocking_q.h" />
    <ClInclude Include="Source\External\SPDLog\details\null_mutex.h" />
    <ClInclude Include="Source\External\SPDLog\details\os.h" />
    <ClInclude Include="Source\External\SPDLog\details\os-inl.h" />
    <ClInclude Include="Source\External\SPDLog\details\periodic_worker.h" />
    <ClInclude Include="Source\External\SPDLog\details\periodic_worker-inl.h" />
    <ClInclude Include="Source\External\SPDLog\details\registry.h" />
    <ClInclude Include="Source\External\SPDLog\details\registry-inl.h" />
    <ClInclude Include="Source\External\SPDLog\details\synchronous_factory.h" />
    <ClInclude Include="Source\External\SPDLog\details\tcp_client.h" />
    <ClInclude Include="Source\External\SPDLog\details\tcp_client-windows.h" />
    <ClInclude Include="Source\External\SPDLog\details\thread_pool.h" />
    <ClInclude Include="Source\External\SPDLog\details\thread_pool-inl.h" />
    <ClInclude Include="Source\External\SPDLog\details\windows_include.h" />
    <ClInclude Include="Source\External\SPDLog\fmt\bundled\args.h" />
    <ClInclude Include="Source\External\SPDLog\fmt\bundled\chrono.h" />
    <ClInclude Include="Source\External\SPDLog\fmt\bundled\color.h" />
    <ClInclude Include="Source\External\SPDLog\fmt\bundled\compile.h" />
    <ClInclude Include="Source\External\SPDLog\fmt\bundled\core.h" />
    <ClInclude Include="Source\External\SPDLog\fmt\bundled\format.h" />
    <ClInclude Include="Source\External\SPDLog\fmt\bundled\format-inl.h" />
    <ClInclude Include="Source\External\SPDLog\fmt\bundled\locale.h" />
    <ClInclude Include="Source\External\SPDLog\fmt\bundled\os.h" />
    <ClInclude Include="Source\External\SPDLog\fmt\bundled\ostream.h" />
    <ClInclude Include="Source\External\SPDLog\fmt\bundled\printf.h" />
    <ClInclude Include="Source\External\SPDLog\fmt\bundled\ranges.h" />
    <ClInclude Include="Source\External\SPDLog\fmt\bundled\xchar.h" />
    <ClInclude Include="Source\External\SPDLog\fmt\bin_to_hex.h" />
    <ClInclude Include="Source\External\SPDLog\fmt\chrono.h" />
    <ClInclude Include="Source\External\SPDLog\fmt\compile.h" />
    <ClInclude Include="Source\External\SPDLog\fmt\fmt.h" />
    <ClInclude Include="Source\External\SPDLog\fmt\ostr.h" />
    <ClInclude Include="Source\External\SPDLog\fmt\xchar.h" />
    <ClInclude Include="Source\External\SPDLog\sinks\android_sink.h" />
    <ClInclude Include="Source\External\SPDLog\sinks\ansicolor_sink.h" />
    <ClInclude Include="Source\External\SPDLog\sinks\ansicolor_sink-inl.h" />
    <ClInclude Include="Source\External\SPDLog\sinks\base_sink.h" />
    <ClInclude Include="Source\External\SPDLog\sinks\base_sink-inl.h" />
    <ClInclude Include="Source\External\SPDLog\sinks\basic_file_sink.h" />
    <ClInclude Include="Source\External\SPDLog\sinks\basic_file_sink-inl.h" />
    <ClInclude Include="Source\External\SPDLog\sinks\daily_file_sink.h" />
    <ClInclude Include="Source\External\SPDLog\sinks\dist_sink.h" />
    <ClInclude Include="Source\External\SPDLog\sinks\dup_filter_sink.h" />
    <ClInclude Include="Source\External\SPDLog\sinks\hourly_file_sink.h" />
    <ClInclude Include="Source\External\SPDLog\sinks\mongo_sink.h" />
    <ClInclude Include="Source\External\SPDLog\sinks\msvc_sink.h" />
    <ClInclude Include="Source\External\SPDLog\sinks\null_sink.h" />
    <ClInclude Include="Source\External\SPDLog\sinks\ostream_sink.h" />
    <ClInclude Include="Source\External\SPDLog\sinks\qt_sinks.h" />
    <ClInclude Include="Source\External\SPDLog\sinks\ringbuffer_sink.h" />
    <ClInclude Include="Source\External\SPDLog\sinks\rotating_file_sink.h" />
    <ClInclude Include="Source\External\SPDLog\sinks\rotating_file_sink-inl.h" />
    <ClInclude Include="Source\External\SPDLog\sinks\sink.h" />
    <ClInclude Include="Source\External\SPDLog\sinks\sink-inl.h" />
    <ClInclude Include="Source\External\SPDLog\sinks\stdout_color_sinks.h" />
    <ClInclude Include="Source\External\SPDLog\sinks\stdout_color_sinks-inl.h" />
    <ClInclude Include="Source\External\SPDLog\sinks\stdout_sinks.h" />
    <ClInclude Include="Source\External\SPDLog\sinks\stdout_sinks-inl.h" />
    <ClInclude Include="Source\External\SPDLog\sinks\syslog_sink.h" />
    <ClInclude Include="Source\External\SPDLog\sinks\systemd_sink.h" />
    <ClInclude Include="Source\External\SPDLog\sinks\tcp_sink.h" />
    <ClInclude Include="Source\External\SPDLog\sinks\win_eventlog_sink.h" />
    <ClInclude Include="Source\External\SPDLog\sinks\wincolor_sink.h" />
    <ClInclude Include="Source\External\SPDLog\sinks\wincolor_sink-inl.h" />
    <ClInclude Include="Source\External\SPDLog\async.h" />
    <ClInclude Include="Source\External\SPDLog\async_logger.h" />
    <ClInclude Include="Source\External\SPDLog\async_logger-inl.h" />
    <ClInclude Include="Source\External\SPDLog\common.h" />
    <ClInclude Include="Source\External\SPDLog\common-inl.h" />
    <ClInclude Include="Source\External\SPDLog\formatter.h" />
    <ClInclude Include="Source\External\SPDLog\fwd.h" />
    <ClInclude Include="Source\External\SPDLog\logger.h" />
    <ClInclude Include="Source\External\SPDLog\logger-inl.h" />
    <ClInclude Include="Source\External\SPDLog\pattern_formatter.h" />
    <ClInclude Include="Source\External\SPDLog\pattern_formatter-inl.h" />
    <ClInclude Include="Source\External\SPDLog\spdlog.h" />
    <ClInclude Include="Source\External\SPDLog\spdlog-inl.h" />
    <ClInclude Include="Source\External\SPDLog\stopwatch.h" />
    <ClInclude Include="Source\External\SPDLog\tweakme.h" />
    <ClInclude Include="Source\External\SPDLog\version.h" />
    <ClInclude Include="Source\Logging\logHandler.h" />
    <ClInclude Include="Source\Graphics\OpenGL\Engines\Base3DEngine\Peripherals\Camera.h" />
  </ItemGroup>
  <ItemGroup>
    <Library Include="Source\External\GLFW\Libraries\glfw3.lib">
      <Filter>Source</Filter>
    </Library>
    <Library Include="Source\External\GLFW\Libraries\glfw3_mt.lib">
      <Filter>Source</Filter>
    </Library>
    <Library Include="Source\External\GLFW\Libraries\glfw3dll.lib">
      <Filter>Source</Filter>
    </Library>
  </ItemGroup>
  <ItemGroup>
    <None Include="Source\Resources\Fonts\Arial_SDF.fnt">
      <Filter>Source</Filter>
    </None>
    <None Include="Source\External\glm\gtx\associated_min_max.inl">
      <Filter>Source</Filter>
    </None>
    <None Include="Source\Resources\Shaders\basicShader.shader">
      <Filter>Source</Filter>
    </None>
    <None Include="Source\External\glm\gtx\bit.inl">
      <Filter>Source</Filter>
    </None>
    <None Include="Source\External\glm\gtc\bitfield.inl">
      <Filter>Source</Filter>
    </None>
    <None Include="Source\External\glm\gtx\closest_point.inl">
      <Filter>Source</Filter>
    </None>
    <None Include="Source\External\glm\gtx\color_encoding.inl">
      <Filter>Source</Filter>
    </None>
    <None Include="Source\External\glm\gtc\color_space.inl">
      <Filter>Source</Filter>
    </None>
    <None Include="Source\External\glm\gtx\color_space.inl">
      <Filter>Source</Filter>
    </None>
    <None Include="Source\External\glm\gtx\color_space_YCoCg.inl">
      <Filter>Source</Filter>
    </None>
    <None Include="Source\External\glm\gtx\common.inl">
      <Filter>Source</Filter>
    </None>
    <None Include="Source\External\glm\gtx\compatibility.inl">
      <Filter>Source</Filter>
    </None>
    <None Include="Source\External\glm\gtx\component_wise.inl">
      <Filter>Source</Filter>
    </None>
    <None Include="Source\External\glm\gtc\constants.inl">
      <Filter>Source</Filter>
    </None>
    <None Include="Source\External\glm\gtx\dual_quaternion.inl">
      <Filter>Source</Filter>
    </None>
    <None Include="Source\External\glm\gtx\easing.inl">
      <Filter>Source</Filter>
    </None>
    <None Include="Source\External\glm\gtc\epsilon.inl">
      <Filter>Source</Filter>
    </None>
    <None Include="Source\External\glm\gtx\euler_angles.inl">
      <Filter>Source</Filter>
    </None>
    <None Include="Source\External\glm\gtx\extend.inl">
      <Filter>Source</Filter>
    </None>
    <None Include="Source\External\glm\gtx\extended_min_max.inl">
      <Filter>Source</Filter>
    </None>
    <None Include="Source\External\glm\gtx\exterior_product.inl">
      <Filter>Source</Filter>
    </None>
    <None Include="Source\External\glm\gtx\fast_exponential.inl">
      <Filter>Source</Filter>
    </None>
    <None Include="Source\External\glm\gtx\fast_square_root.inl">
      <Filter>Source</Filter>
    </None>
    <None Include="Source\External\glm\gtx\fast_trigonometry.inl">
      <Filter>Source</Filter>
    </None>
    <None Include="Source\External\glm\gtx\float_notmalize.inl">
      <Filter>Source</Filter>
    </None>
    <None Include="Source\External\glm\detail\func_common.inl">
      <Filter>Source</Filter>
    </None>
    <None Include="Source\External\glm\detail\func_common_simd.inl">
      <Filter>Source</Filter>
    </None>
    <None Include="Source\External\glm\detail\func_exponential.inl">
      <Filter>Source</Filter>
    </None>
    <None Include="Source\External\glm\detail\func_exponential_simd.inl">
      <Filter>Source</Filter>
    </None>
    <None Include="Source\External\glm\detail\func_geometric.inl">
      <Filter>Source</Filter>
    </None>
    <None Include="Source\External\glm\detail\func_geometric_simd.inl">
      <Filter>Source</Filter>
    </None>
    <None Include="Source\External\glm\detail\func_integer.inl">
      <Filter>Source</Filter>
    </None>
    <None Include="Source\External\glm\detail\func_integer_simd.inl">
      <Filter>Source</Filter>
    </None>
    <None Include="Source\External\glm\detail\func_matrix.inl">
      <Filter>Source</Filter>
    </None>
    <None Include="Source\External\glm\detail\func_matrix_simd.inl">
      <Filter>Source</Filter>
    </None>
    <None Include="Source\External\glm\detail\func_packing.inl">
      <Filter>Source</Filter>
    </None>
    <None Include="Source\External\glm\detail\func_packing_simd.inl">
      <Filter>Source</Filter>
    </None>
    <None Include="Source\External\glm\detail\func_trigonometric.inl">
      <Filter>Source</Filter>
    </None>
    <None Include="Source\External\glm\detail\func_trigonometric_simd.inl">
      <Filter>Source</Filter>
    </None>
    <None Include="Source\External\glm\detail\func_vector_relational.inl">
      <Filter>Source</Filter>
    </None>
    <None Include="Source\External\glm\detail\func_vector_relational_simd.inl">
      <Filter>Source</Filter>
    </None>
    <None Include="Source\External\glm\gtx\functions.inl">
      <Filter>Source</Filter>
    </None>
    <None Include="Source\External\GLEW\lib\glew32.dll">
      <Filter>Source</Filter>
    </None>
    <None Include="Source\External\GLEW\bin\glew32.dll">
      <Filter>Source</Filter>
    </None>
    <None Include="Source\External\GLFW\Libraries\glfw3.dll">
      <Filter>Source</Filter>
    </None>
    <None Include="Source\External\glm\gtx\gradient_paint.inl">
      <Filter>Source</Filter>
    </None>
    <None Include="Source\External\glm\gtx\handed_coordinate_space.inl">
      <Filter>Source</Filter>
    </None>
    <None Include="Source\External\glm\gtx\hash.inl">
      <Filter>Source</Filter>
    </None>
    <None Include="Source\External\glm\gtc\integer.inl">
      <Filter>Source</Filter>
    </None>
    <None Include="Source\External\glm\gtx\integer.inl">
      <Filter>Source</Filter>
    </None>
    <None Include="Source\External\glm\gtx\intersect.inl">
      <Filter>Source</Filter>
    </None>
    <None Include="Source\External\glm\gtx\io.inl">
      <Filter>Source</Filter>
    </None>
    <None Include="Source\External\glm\gtx\log_base.inl">
      <Filter>Source</Filter>
    </None>
    <None Include="Source\External\glm\gtc\matrix_access.inl">
      <Filter>Source</Filter>
    </None>
    <None Include="Source\External\glm\ext\matrix_clip_space.inl">
      <Filter>Source</Filter>
    </None>
    <None Include="Source\External\glm\ext\matrix_common.inl">
      <Filter>Source</Filter>
    </None>
    <None Include="Source\External\glm\gtx\matrix_cross_product.inl">
      <Filter>Source</Filter>
    </None>
    <None Include="Source\External\glm\gtx\matrix_decompose.inl">
      <Filter>Source</Filter>
    </None>
    <None Include="Source\External\glm\gtx\matrix_factorisation.inl">
      <Filter>Source</Filter>
    </None>
    <None Include="Source\External\glm\gtx\matrix_interpolation.inl">
      <Filter>Source</Filter>
    </None>
    <None Include="Source\External\glm\gtc\matrix_inverse.inl">
      <Filter>Source</Filter>
    </None>
    <None Include="Source\External\glm\gtx\matrix_major_storage.inl">
      <Filter>Source</Filter>
    </None>
    <None Include="Source\External\glm\gtx\matrix_operation.inl">
      <Filter>Source</Filter>
    </None>
    <None Include="Source\External\glm\ext\matrix_projection.inl">
      <Filter>Source</Filter>
    </None>
    <None Include="Source\External\glm\gtx\matrix_query.inl">
      <Filter>Source</Filter>
    </None>
    <None Include="Source\External\glm\ext\matrix_relational.inl">
      <Filter>Source</Filter>
    </None>
    <None Include="Source\External\glm\gtc\matrix_transform.inl">
      <Filter>Source</Filter>
    </None>
    <None Include="Source\External\glm\ext\matrix_transform.inl">
      <Filter>Source</Filter>
    </None>
    <None Include="Source\External\glm\gtx\matrix_transform_2d.inl">
      <Filter>Source</Filter>
    </None>
    <None Include="Source\External\glm\gtx\mixed_product.inl">
      <Filter>Source</Filter>
    </None>
    <None Include="Source\External\glm\gtc\noise.inl">
      <Filter>Source</Filter>
    </None>
    <None Include="Source\External\glm\gtx\norm.inl">
      <Filter>Source</Filter>
    </None>
    <None Include="Source\External\glm\gtx\normal.inl">
      <Filter>Source</Filter>
    </None>
    <None Include="Source\External\glm\gtx\normalize_dot.inl">
      <Filter>Source</Filter>
    </None>
    <None Include="Source\External\glm\gtx\number_precision.inl">
      <Filter>Source</Filter>
    </None>
    <None Include="Source\External\glm\gtx\optimum_pow.inl">
      <Filter>Source</Filter>
    </None>
    <None Include="Source\External\glm\gtx\orthonormalize.inl">
      <Filter>Source</Filter>
    </None>
    <None Include="Source\External\glm\gtc\packing.inl">
      <Filter>Source</Filter>
    </None>
    <None Include="Source\External\glm\gtx\perpendicular.inl">
      <Filter>Source</Filter>
    </None>
    <None Include="Source\External\glm\gtx\polar_coordinates.inl">
      <Filter>Source</Filter>
    </None>
    <None Include="Source\External\glm\gtx\projection.inl">
      <Filter>Source</Filter>
    </None>
    <None Include="Source\External\glm\gtx\quaternion.inl">
      <Filter>Source</Filter>
    </None>
    <None Include="Source\External\glm\gtc\quaternion.inl">
      <Filter>Source</Filter>
    </None>
    <None Include="Source\External\glm\ext\quaternion_common.inl">
      <Filter>Source</Filter>
    </None>
    <None Include="Source\External\glm\ext\quaternion_common_simd.inl">
      <Filter>Source</Filter>
    </None>
    <None Include="Source\External\glm\ext\quaternion_exponential.inl">
      <Filter>Source</Filter>
    </None>
    <None Include="Source\External\glm\ext\quaternion_geometric.inl">
      <Filter>Source</Filter>
    </None>
    <None Include="Source\External\glm\ext\quaternion_relational.inl">
      <Filter>Source</Filter>
    </None>
    <None Include="Source\External\glm\gtc\quaternion_simd.inl">
      <Filter>Source</Filter>
    </None>
    <None Include="Source\External\glm\ext\quaternion_transform.inl">
      <Filter>Source</Filter>
    </None>
    <None Include="Source\External\glm\ext\quaternion_trigonometric.inl">
      <Filter>Source</Filter>
    </None>
    <None Include="Source\External\glm\gtc\random.inl">
      <Filter>Source</Filter>
    </None>
    <None Include="Source\External\glm\gtx\raw_data.inl">
      <Filter>Source</Filter>
    </None>
    <None Include="Source\External\glm\gtc\reciprocal.inl">
      <Filter>Source</Filter>
    </None>
    <None Include="Source\External\glm\gtx\rotate_normalized_axis.inl">
      <Filter>Source</Filter>
    </None>
    <None Include="Source\External\glm\gtx\rotate_vector.inl">
      <Filter>Source</Filter>
    </None>
    <None Include="Source\External\glm\gtc\round.inl">
      <Filter>Source</Filter>
    </None>
    <None Include="Source\External\glm\ext\scalar_common.inl">
      <Filter>Source</Filter>
    </None>
    <None Include="Source\External\glm\ext\scalar_constants.inl">
      <Filter>Source</Filter>
    </None>
    <None Include="Source\External\glm\ext\scalar_integer.inl">
      <Filter>Source</Filter>
    </None>
    <None Include="Source\External\glm\ext\scalar_packing.inl">
      <Filter>Source</Filter>
    </None>
    <None Include="Source\External\glm\ext\scalar_relational.inl">
      <Filter>Source</Filter>
    </None>
    <None Include="Source\External\glm\gtx\scalar_relational.inl">
      <Filter>Source</Filter>
    </None>
    <None Include="Source\External\glm\ext\scalar_ulp.inl">
      <Filter>Source</Filter>
    </None>
    <None Include="Source\External\glm\gtx\spline.inl">
      <Filter>Source</Filter>
    </None>
    <None Include="Source\Resources\Shaders\staticShader.shader">
      <Filter>Source</Filter>
    </None>
    <None Include="Source\External\glm\gtx\std_based_type.inl">
      <Filter>Source</Filter>
    </None>
    <None Include="Source\External\glm\gtx\string_cast.inl">
      <Filter>Source</Filter>
    </None>
    <None Include="Source\External\glm\gtx\texture.inl">
      <Filter>Source</Filter>
    </None>
    <None Include="Source\Resources\Shaders\textureShader.shader">
      <Filter>Source</Filter>
    </None>
    <None Include="Source\External\glm\gtx\transform.inl">
      <Filter>Source</Filter>
    </None>
    <None Include="Source\External\glm\gtx\transform2.inl">
      <Filter>Source</Filter>
    </None>
    <None Include="Source\External\glm\gtx\type_aligned.inl">
      <Filter>Source</Filter>
    </None>
    <None Include="Source\External\glm\detail\type_half.inl">
      <Filter>Source</Filter>
    </None>
    <None Include="Source\External\glm\detail\type_mat2x2.inl">
      <Filter>Source</Filter>
    </None>
    <None Include="Source\External\glm\detail\type_mat2x3.inl">
      <Filter>Source</Filter>
    </None>
    <None Include="Source\External\glm\detail\type_mat2x4.inl">
      <Filter>Source</Filter>
    </None>
    <None Include="Source\External\glm\detail\type_mat3x2.inl">
      <Filter>Source</Filter>
    </None>
    <None Include="Source\External\glm\detail\type_mat3x3.inl">
      <Filter>Source</Filter>
    </None>
    <None Include="Source\External\glm\detail\type_mat3x4.inl">
      <Filter>Source</Filter>
    </None>
    <None Include="Source\External\glm\detail\type_mat4x2.inl">
      <Filter>Source</Filter>
    </None>
    <None Include="Source\External\glm\detail\type_mat4x3.inl">
      <Filter>Source</Filter>
    </None>
    <None Include="Source\External\glm\detail\type_mat4x4.inl">
      <Filter>Source</Filter>
    </None>
    <None Include="Source\External\glm\detail\type_mat4x4_simd.inl">
      <Filter>Source</Filter>
    </None>
    <None Include="Source\External\glm\gtc\type_precision.inl">
      <Filter>Source</Filter>
    </None>
    <None Include="Source\External\glm\gtc\type_ptr.inl">
      <Filter>Source</Filter>
    </None>
    <None Include="Source\External\glm\detail\type_quat.inl">
      <Filter>Source</Filter>
    </None>
    <None Include="Source\External\glm\detail\type_quat_simd.inl">
      <Filter>Source</Filter>
    </None>
    <None Include="Source\External\glm\gtx\type_trait.inl">
      <Filter>Source</Filter>
    </None>
    <None Include="Source\External\glm\detail\type_vec1.inl">
      <Filter>Source</Filter>
    </None>
    <None Include="Source\External\glm\detail\type_vec2.inl">
      <Filter>Source</Filter>
    </None>
    <None Include="Source\External\glm\detail\type_vec3.inl">
      <Filter>Source</Filter>
    </None>
    <None Include="Source\External\glm\detail\type_vec4.inl">
      <Filter>Source</Filter>
    </None>
    <None Include="Source\External\glm\detail\type_vec4_simd.inl">
      <Filter>Source</Filter>
    </None>
    <None Include="Source\External\glm\gtc\ulp.inl">
      <Filter>Source</Filter>
    </None>
    <None Include="Source\External\glm\gtx\vector_angle.inl">
      <Filter>Source</Filter>
    </None>
    <None Include="Source\External\glm\ext\vector_common.inl">
      <Filter>Source</Filter>
    </None>
    <None Include="Source\External\glm\ext\vector_integer.inl">
      <Filter>Source</Filter>
    </None>
    <None Include="Source\External\glm\ext\vector_packing.inl">
      <Filter>Source</Filter>
    </None>
    <None Include="Source\External\glm\gtx\vector_query.inl">
      <Filter>Source</Filter>
    </None>
    <None Include="Source\External\glm\ext\vector_relational.inl">
      <Filter>Source</Filter>
    </None>
    <None Include="Source\External\glm\ext\vector_ulp.inl">
      <Filter>Source</Filter>
    </None>
    <None Include="Source\External\glm\gtx\wrap.inl">
      <Filter>Source</Filter>
    </None>
    <None Include="Source\Resources\Fonts\Arial_SDF_Min.fnt" />
  </ItemGroup>
  <ItemGroup>
    <Image Include="Source\Resources\Textures\circuitTree.png">
      <Filter>Source</Filter>
    </Image>
    <Image Include="Source\Resources\Icons\component.png">
      <Filter>Source</Filter>
    </Image>
    <Image Include="Icons\component.png">
      <Filter>Source</Filter>
    </Image>
    <Image Include="Source\Resources\Icons\Draw_Circuit_Buckets.png">
      <Filter>Source</Filter>
    </Image>
    <Image Include="Icons\Draw_Circuit_Buckets.png">
      <Filter>Source</Filter>
    </Image>
    <Image Include="Icons\Draw_MCC.png">
      <Filter>Source</Filter>
    </Image>
    <Image Include="Source\Resources\Icons\Draw_MCC.png">
      <Filter>Source</Filter>
    </Image>
    <Image Include="Source\Resources\Icons\mainIcon.ico">
      <Filter>Source</Filter>
    </Image>
    <Image Include="Icons\circuitIcon.ico" />
    <Image Include="Source\Resources\Icons\circuitIcon128.ico" />
    <Image Include="Source\Resources\Icons\circuitIcon.bmp" />
    <Image Include="Source\Resources\Icons\circuitIcon.bmp" />
    <Image Include="Source\Resources\Fonts\Arial_SDF_PNG.png" />
    <Image Include="Source\Resources\Fonts\Arial_SDF_BMP_32.bmp" />
    <Image Include="Source\Resources\Fonts\Arial_SDF_Min.png" />
    <Image Include="Source\Resources\Icons\panda.bmp" />
    <Image Include="Source\Resources\Icons\circuitImage.png" />
  </ItemGroup>
  <ItemGroup>
    <Filter Include="Source">
      <UniqueIdentifier>{e4c50dea-a99f-4f4a-8db7-1101cac193a8}</UniqueIdentifier>
    </Filter>
  </ItemGroup>
  <ItemGroup>
    <ResourceCompile Include="Source\Resources\resource.rc">
      <Filter>Source</Filter>
    </ResourceCompile>
  </ItemGroup>
</Project>